{
  "name": "po2json",
  "lockfileVersion": 3,
  "requires": true,
  "packages": {
    "": {
      "dependencies": {
        "po2json": "^0.4.5"
      }
    },
    "node_modules/po2json": {
      "version": "0.4.5",
      "resolved": "https://registry.npmjs.org/po2json/-/po2json-0.4.5.tgz",
      "integrity": "sha512-JH0hgi1fC0t9UvdiyS7kcVly0N1WNey4R2YZ/jPaxQKYm6Cfej7ZTgiEy8LP2JwoEhONceiNS8JH5mWPQkiXeA==",
      "dependencies": {
        "gettext-parser": "1.1.0",
        "nomnom": "1.8.1"
      },
      "bin": {
        "po2json": "bin/po2json"
      },
      "engines": {
        "node": ">= 0.8.0"
      }
    },
    "node_modules/po2json/node_modules/gettext-parser": {
      "version": "1.1.0",
      "license": "MIT",
      "dependencies": {
        "encoding": "^0.1.11"
      }
    },
    "node_modules/po2json/node_modules/gettext-parser/node_modules/encoding": {
      "version": "0.1.11",
      "license": "MIT",
      "dependencies": {
        "iconv-lite": "~0.4.4"
      }
    },
    "node_modules/po2json/node_modules/gettext-parser/node_modules/encoding/node_modules/iconv-lite": {
      "version": "0.4.11",
      "license": "MIT",
      "engines": {
        "node": ">=0.8.0"
      }
    },
    "node_modules/po2json/node_modules/nomnom": {
      "version": "1.8.1",
      "dependencies": {
        "chalk": "~0.4.0",
        "underscore": "~1.6.0"
      }
    },
    "node_modules/po2json/node_modules/nomnom/node_modules/chalk": {
      "version": "0.4.0",
      "license": "MIT",
      "dependencies": {
        "ansi-styles": "~1.0.0",
        "has-color": "~0.1.0",
        "strip-ansi": "~0.1.0"
      },
      "engines": {
        "node": ">=0.8.0"
      }
    },
    "node_modules/po2json/node_modules/nomnom/node_modules/chalk/node_modules/ansi-styles": {
      "version": "1.0.0",
      "license": "MIT",
      "engines": {
        "node": ">=0.8.0"
      }
    },
    "node_modules/po2json/node_modules/nomnom/node_modules/chalk/node_modules/has-color": {
      "version": "0.1.7",
      "license": "MIT",
      "engines": {
        "node": ">=0.10.0"
      }
    },
    "node_modules/po2json/node_modules/nomnom/node_modules/chalk/node_modules/strip-ansi": {
      "version": "0.1.1",
      "license": "MIT",
      "bin": {
        "strip-ansi": "cli.js"
      },
      "engines": {
        "node": ">=0.8.0"
      }
    },
    "node_modules/po2json/node_modules/nomnom/node_modules/underscore": {
      "version": "1.6.0"
    }
  }
}
